{
  "name": "tingyun2",
  "version": "1.6.2",
  "lockfileVersion": 1,
  "requires": true,
  "dependencies": {
    "async-listener": {
      "version": "0.6.9",
      "resolved": "http://npm.guahao-inc.com/async-listener/-/async-listener-0.6.9.tgz",
      "integrity": "sha512-E7Z2/QMs0EPt/o9wpYO/J3hmMCDdr1aVDS3ttlur5D5JlZtxhfuOwi4e7S8zbYIxA5qOOYdxfqGj97XAfdNvkQ==",
      "requires": {
        "semver": "5.5.0",
        "shimmer": "1.2.0"
      }
    },
    "emitter-listener": {
      "version": "1.1.1",
      "resolved": "http://npm.guahao-inc.com/emitter-listener/-/emitter-listener-1.1.1.tgz",
      "integrity": "sha1-6Lu+gkS8jg0LTvcc0UKUx/JBx+w=",
      "requires": {
        "shimmer": "1.2.0"
      }
    },
    "semver": {
      "version": "5.5.0",
      "resolved": "http://npm.guahao-inc.com/semver/-/semver-5.5.0.tgz",
      "integrity": "sha512-4SJ3dm0WAwWy/NVeioZh5AntkdJoWKxHxcmyP622fOkgHa4z3R0TdBJICINyaSDE6uNwVc8gZr+ZinwZAH4xIA=="
    },
    "shimmer": {
      "version": "1.2.0",
      "resolved": "http://npm.guahao-inc.com/shimmer/-/shimmer-1.2.0.tgz",
      "integrity": "sha512-xTCx2vohXC2EWWDqY/zb4+5Mu28D+HYNSOuFzsyRDRvI/e1ICb69afwaUwfjr+25ZXldbOLyp+iDUZHq8UnTag=="
    }
  }
}
